
Microsoft Visual Studio Solution File, Format Version 12.00
# Visual Studio 15
VisualStudioVersion = 15.0.27703.2000
MinimumVisualStudioVersion = 10.0.40219.1
Project("{FAE04EC0-301F-11D3-BF4B-00C04F79EFBC}") = "Exemplo1", "Exemplo1\Exemplo1.csproj", "{4254479D-17D5-45C0-8E19-D87C93783C3E}"
EndProject
Global
	GlobalSection(SolutionConfigurationPlatforms) = preSolution
		Debug|Any CPU = Debug|Any CPU
		Release|Any CPU = Release|Any CPU
	EndGlobalSection
	GlobalSection(ProjectConfigurationPlatforms) = postSolution
		{4254479D-17D5-45C0-8E19-D87C93783C3E}.Debug|Any CPU.ActiveCfg = Debug|Any CPU
		{4254479D-17D5-45C0-8E19-D87C93783C3E}.Debug|Any CPU.Build.0 = Debug|Any CPU
		{4254479D-17D5-45C0-8E19-D87C93783C3E}.Release|Any CPU.ActiveCfg = Release|Any CPU
		{4254479D-17D5-45C0-8E19-D87C93783C3E}.Release|Any CPU.Build.0 = Release|Any CPU
	EndGlobalSection
	GlobalSection(SolutionProperties) = preSolution
		HideSolutionNode = FALSE
	EndGlobalSection
	GlobalSection(ExtensibilityGlobals) = postSolution
		SolutionGuid = {18AE5FA4-7BA7-429B-92C6-E1BB22CA15CC}
	EndGlobalSection
EndGlobal
